schema: '2.0'
stages:
  load_data:
    cmd: python src/load_data.py --config=params.yaml
    deps:
    - path: data_given/wine_quality.csv
      md5: 6a883fd98624e18c0b7ce251f4fab4fb
      size: 100951
    - path: src/get_data.py
      md5: fc1fbd2e5f2c18fa1d00b3d864e76cc7
      size: 677
    - path: src/load_data.py
      md5: e672fa54da9816d201f068e37ab3f3b0
      size: 649
    outs:
    - path: data/raw/winequality.csv
      md5: b81c95040ccc1f04820095a237ba3c61
      size: 95085
